// !$*UTF8*$!
{
	archiveVersion = 1;
	classes = {
	};
	objectVersion = 56;
	objects = {

/* Begin PBXBuildFile section */
		433FBE6C294E8AF4008455B5 /* MyBudgetApp.swift in Sources */ = {isa = PBXBuildFile; fileRef = 433FBE6B294E8AF4008455B5 /* MyBudgetApp.swift */; };
		433FBE6E294E8AF4008455B5 /* ContentView.swift in Sources */ = {isa = PBXBuildFile; fileRef = 433FBE6D294E8AF4008455B5 /* ContentView.swift */; };
		433FBE70294E8AF5008455B5 /* Assets.xcassets in Resources */ = {isa = PBXBuildFile; fileRef = 433FBE6F294E8AF5008455B5 /* Assets.xcassets */; };
		433FBE73294E8AF5008455B5 /* Preview Assets.xcassets in Resources */ = {isa = PBXBuildFile; fileRef = 433FBE72294E8AF5008455B5 /* Preview Assets.xcassets */; };
		433FBE7B294E8B27008455B5 /* BudgetModel.xcdatamodeld in Sources */ = {isa = PBXBuildFile; fileRef = 433FBE79294E8B27008455B5 /* BudgetModel.xcdatamodeld */; };
		433FBE7F294E8C65008455B5 /* BudgetCategory+CoreDataClass.swift in Sources */ = {isa = PBXBuildFile; fileRef = 433FBE7E294E8C65008455B5 /* BudgetCategory+CoreDataClass.swift */; };
		433FBE81294E8D44008455B5 /* CoreDataManager.swift in Sources */ = {isa = PBXBuildFile; fileRef = 433FBE80294E8D44008455B5 /* CoreDataManager.swift */; };
/* End PBXBuildFile section */

/* Begin PBXFileReference section */
		433FBE68294E8AF4008455B5 /* MyBudget.app */ = {isa = PBXFileReference; explicitFileType = wrapper.application; includeInIndex = 0; path = MyBudget.app; sourceTree = BUILT_PRODUCTS_DIR; };
		433FBE6B294E8AF4008455B5 /* MyBudgetApp.swift */ = {isa = PBXFileReference; lastKnownFileType = sourcecode.swift; path = MyBudgetApp.swift; sourceTree = "<group>"; };
		433FBE6D294E8AF4008455B5 /* ContentView.swift */ = {isa = PBXFileReference; lastKnownFileType = sourcecode.swift; path = ContentView.swift; sourceTree = "<group>"; };
		433FBE6F294E8AF5008455B5 /* Assets.xcassets */ = {isa = PBXFileReference; lastKnownFileType = folder.assetcatalog; path = Assets.xcassets; sourceTree = "<group>"; };
		433FBE72294E8AF5008455B5 /* Preview Assets.xcassets */ = {isa = PBXFileReference; lastKnownFileType = folder.assetcatalog; path = "Preview Assets.xcassets"; sourceTree = "<group>"; };
		433FBE7A294E8B27008455B5 /* BudgetModel.xcdatamodel */ = {isa = PBXFileReference; lastKnownFileType = wrapper.xcdatamodel; path = BudgetModel.xcdatamodel; sourceTree = "<group>"; };
		433FBE7E294E8C65008455B5 /* BudgetCategory+CoreDataClass.swift */ = {isa = PBXFileReference; lastKnownFileType = sourcecode.swift; path = "BudgetCategory+CoreDataClass.swift"; sourceTree = "<group>"; };
		433FBE80294E8D44008455B5 /* CoreDataManager.swift */ = {isa = PBXFileReference; lastKnownFileType = sourcecode.swift; path = CoreDataManager.swift; sourceTree = "<group>"; };
/* End PBXFileReference section */

/* Begin PBXFrameworksBuildPhase section */
		433FBE65294E8AF4008455B5 /* Frameworks */ = {
			isa = PBXFrameworksBuildPhase;
			buildActionMask = 2147483647;
			files = (
			);
			runOnlyForDeploymentPostprocessing = 0;
		};
/* End PBXFrameworksBuildPhase section */

/* Begin PBXGroup section */
		433FBE5F294E8AF4008455B5 = {
			isa = PBXGroup;
			children = (
				433FBE6A294E8AF4008455B5 /* MyBudget */,
				433FBE69294E8AF4008455B5 /* Products */,
			);
			sourceTree = "<group>";
		};
		433FBE69294E8AF4008455B5 /* Products */ = {
			isa = PBXGroup;
			children = (
				433FBE68294E8AF4008455B5 /* MyBudget.app */,
			);
			name = Products;
			sourceTree = "<group>";
		};
		433FBE6A294E8AF4008455B5 /* MyBudget */ = {
			isa = PBXGroup;
			children = (
				433FBE7C294E8C39008455B5 /* Models */,
				433FBE6B294E8AF4008455B5 /* MyBudgetApp.swift */,
				433FBE6D294E8AF4008455B5 /* ContentView.swift */,
				433FBE6F294E8AF5008455B5 /* Assets.xcassets */,
				433FBE71294E8AF5008455B5 /* Preview Content */,
				433FBE79294E8B27008455B5 /* BudgetModel.xcdatamodeld */,
				433FBE80294E8D44008455B5 /* CoreDataManager.swift */,
			);
			path = MyBudget;
			sourceTree = "<group>";
		};
		433FBE71294E8AF5008455B5 /* Preview Content */ = {
			isa = PBXGroup;
			children = (
				433FBE72294E8AF5008455B5 /* Preview Assets.xcassets */,
			);
			path = "Preview Content";
			sourceTree = "<group>";
		};
		433FBE7C294E8C39008455B5 /* Models */ = {
			isa = PBXGroup;
			children = (
				433FBE7D294E8C40008455B5 /* Extensions */,
			);
			path = Models;
			sourceTree = "<group>";
		};
		433FBE7D294E8C40008455B5 /* Extensions */ = {
			isa = PBXGroup;
			children = (
				433FBE7E294E8C65008455B5 /* BudgetCategory+CoreDataClass.swift */,
			);
			path = Extensions;
			sourceTree = "<group>";
		};
/* End PBXGroup section */

/* Begin PBXNativeTarget section */
		433FBE67294E8AF4008455B5 /* MyBudget */ = {
			isa = PBXNativeTarget;
			buildConfigurationList = 433FBE76294E8AF5008455B5 /* Build configuration list for PBXNativeTarget "MyBudget" */;
			buildPhases = (
				433FBE64294E8AF4008455B5 /* Sources */,
				433FBE65294E8AF4008455B5 /* Frameworks */,
				433FBE66294E8AF4008455B5 /* Resources */,
			);
			buildRules = (
			);
			dependencies = (
			);
			name = MyBudget;
			productName = MyBudget;
			productReference = 433FBE68294E8AF4008455B5 /* MyBudget.app */;
			productType = "com.apple.product-type.application";
		};
/* End PBXNativeTarget section */

/* Begin PBXProject section */
		433FBE60294E8AF4008455B5 /* Project object */ = {
			isa = PBXProject;
			attributes = {
				BuildIndependentTargetsInParallel = 1;
				LastSwiftUpdateCheck = 1420;
				LastUpgradeCheck = 1420;
				TargetAttributes = {
					433FBE67294E8AF4008455B5 = {
						CreatedOnToolsVersion = 14.2;
					};
				};
			};
			buildConfigurationList = 433FBE63294E8AF4008455B5 /* Build configuration list for PBXProject "MyBudget" */;
			compatibilityVersion = "Xcode 14.0";
			developmentRegion = en;
			hasScannedForEncodings = 0;
			knownRegions = (
				en,
				Base,
			);
			mainGroup = 433FBE5F294E8AF4008455B5;
			productRefGroup = 433FBE69294E8AF4008455B5 /* Products */;
			projectDirPath = "";
			projectRoot = "";
			targets = (
				433FBE67294E8AF4008455B5 /* MyBudget */,
			);
		};
/* End PBXProject section */

/* Begin PBXResourcesBuildPhase section */
		433FBE66294E8AF4008455B5 /* Resources */ = {
			isa = PBXResourcesBuildPhase;
			buildActionMask = 2147483647;
			files = (
				433FBE73294E8AF5008455B5 /* Preview Assets.xcassets in Resources */,
				433FBE70294E8AF5008455B5 /* Assets.xcassets in Resources */,
			);
			runOnlyForDeploymentPostprocessing = 0;
		};
/* End PBXResourcesBuildPhase section */

/* Begin PBXSourcesBuildPhase section */
		433FBE64294E8AF4008455B5 /* Sources */ = {
			isa = PBXSourcesBuildPhase;
			buildActionMask = 2147483647;
			files = (
				433FBE6E294E8AF4008455B5 /* ContentView.swift in Sources */,
				433FBE6C294E8AF4008455B5 /* MyBudgetApp.swift in Sources */,
				433FBE7F294E8C65008455B5 /* BudgetCategory+CoreDataClass.swift in Sources */,
				433FBE81294E8D44008455B5 /* CoreDataManager.swift in Sources */,
				433FBE7B294E8B27008455B5 /* BudgetModel.xcdatamodeld in Sources */,
			);
			runOnlyForDeploymentPostprocessing = 0;
		};
/* End PBXSourcesBuildPhase section */

/* Begin XCBuildConfiguration section */
		433FBE74294E8AF5008455B5 /* Debug */ = {
			isa = XCBuildConfiguration;
			buildSettings = {
				ALWAYS_SEARCH_USER_PATHS = NO;
				CLANG_ANALYZER_NONNULL = YES;
				CLANG_ANALYZER_NUMBER_OBJECT_CONVERSION = YES_AGGRESSIVE;
				CLANG_CXX_LANGUAGE_STANDARD = "gnu++20";
				CLANG_ENABLE_MODULES = YES;
				CLANG_ENABLE_OBJC_ARC = YES;
				CLANG_ENABLE_OBJC_WEAK = YES;
				CLANG_WARN_BLOCK_CAPTURE_AUTORELEASING = YES;
				CLANG_WARN_BOOL_CONVERSION = YES;
				CLANG_WARN_COMMA = YES;
				CLANG_WARN_CONSTANT_CONVERSION = YES;
				CLANG_WARN_DEPRECATED_OBJC_IMPLEMENTATIONS = YES;
				CLANG_WARN_DIRECT_OBJC_ISA_USAGE = YES_ERROR;
				CLANG_WARN_DOCUMENTATION_COMMENTS = YES;
				CLANG_WARN_EMPTY_BODY = YES;
				CLANG_WARN_ENUM_CONVERSION = YES;
				CLANG_WARN_INFINITE_RECURSION = YES;
				CLANG_WARN_INT_CONVERSION = YES;
				CLANG_WARN_NON_LITERAL_NULL_CONVERSION = YES;
				CLANG_WARN_OBJC_IMPLICIT_RETAIN_SELF = YES;
				CLANG_WARN_OBJC_LITERAL_CONVERSION = YES;
				CLANG_WARN_OBJC_ROOT_CLASS = YES_ERROR;
				CLANG_WARN_QUOTED_INCLUDE_IN_FRAMEWORK_HEADER = YES;
				CLANG_WARN_RANGE_LOOP_ANALYSIS = YES;
				CLANG_WARN_STRICT_PROTOTYPES = YES;
				CLANG_WARN_SUSPICIOUS_MOVE = YES;
				CLANG_WARN_UNGUARDED_AVAILABILITY = YES_AGGRESSIVE;
				CLANG_WARN_UNREACHABLE_CODE = YES;
				CLANG_WARN__DUPLICATE_METHOD_MATCH = YES;
				COPY_PHASE_STRIP = NO;
				DEBUG_INFORMATION_FORMAT = dwarf;
				ENABLE_STRICT_OBJC_MSGSEND = YES;
				ENABLE_TESTABILITY = YES;
				GCC_C_LANGUAGE_STANDARD = gnu11;
				GCC_DYNAMIC_NO_PIC = NO;
				GCC_NO_COMMON_BLOCKS = YES;
				GCC_OPTIMIZATION_LEVEL = 0;
				GCC_PREPROCESSOR_DEFINITIONS = (
					"DEBUG=1",
					"$(inherited)",
				);
				GCC_WARN_64_TO_32_BIT_CONVERSION = YES;
				GCC_WARN_ABOUT_RETURN_TYPE = YES_ERROR;
				GCC_WARN_UNDECLARED_SELECTOR = YES;
				GCC_WARN_UNINITIALIZED_AUTOS = YES_AGGRESSIVE;
				GCC_WARN_UNUSED_FUNCTION = YES;
				GCC_WARN_UNUSED_VARIABLE = YES;
				IPHONEOS_DEPLOYMENT_TARGET = 16.2;
				MTL_ENABLE_DEBUG_INFO = INCLUDE_SOURCE;
				MTL_FAST_MATH = YES;
				ONLY_ACTIVE_ARCH = YES;
				SDKROOT = iphoneos;
				SWIFT_ACTIVE_COMPILATION_CONDITIONS = DEBUG;
				SWIFT_OPTIMIZATION_LEVEL = "-Onone";
			};
			name = Debug;
		};
		433FBE75294E8AF5008455B5 /* Release */ = {
			isa = XCBuildConfiguration;
			buildSettings = {
				ALWAYS_SEARCH_USER_PATHS = NO;
				CLANG_ANALYZER_NONNULL = YES;
				CLANG_ANALYZER_NUMBER_OBJECT_CONVERSION = YES_AGGRESSIVE;
				CLANG_CXX_LANGUAGE_STANDARD = "gnu++20";
				CLANG_ENABLE_MODULES = YES;
				CLANG_ENABLE_OBJC_ARC = YES;
				CLANG_ENABLE_OBJC_WEAK = YES;
				CLANG_WARN_BLOCK_CAPTURE_AUTORELEASING = YES;
				CLANG_WARN_BOOL_CONVERSION = YES;
				CLANG_WARN_COMMA = YES;
				CLANG_WARN_CONSTANT_CONVERSION = YES;
				CLANG_WARN_DEPRECATED_OBJC_IMPLEMENTATIONS = YES;
				CLANG_WARN_DIRECT_OBJC_ISA_USAGE = YES_ERROR;
				CLANG_WARN_DOCUMENTATION_COMMENTS = YES;
				CLANG_WARN_EMPTY_BODY = YES;
				CLANG_WARN_ENUM_CONVERSION = YES;
				CLANG_WARN_INFINITE_RECURSION = YES;
				CLANG_WARN_INT_CONVERSION = YES;
				CLANG_WARN_NON_LITERAL_NULL_CONVERSION = YES;
				CLANG_WARN_OBJC_IMPLICIT_RETAIN_SELF = YES;
				CLANG_WARN_OBJC_LITERAL_CONVERSION = YES;
				CLANG_WARN_OBJC_ROOT_CLASS = YES_ERROR;
				CLANG_WARN_QUOTED_INCLUDE_IN_FRAMEWORK_HEADER = YES;
				CLANG_WARN_RANGE_LOOP_ANALYSIS = YES;
				CLANG_WARN_STRICT_PROTOTYPES = YES;
				CLANG_WARN_SUSPICIOUS_MOVE = YES;
				CLANG_WARN_UNGUARDED_AVAILABILITY = YES_AGGRESSIVE;
				CLANG_WARN_UNREACHABLE_CODE = YES;
				CLANG_WARN__DUPLICATE_METHOD_MATCH = YES;
				COPY_PHASE_STRIP = NO;
				DEBUG_INFORMATION_FORMAT = "dwarf-with-dsym";
				ENABLE_NS_ASSERTIONS = NO;
				ENABLE_STRICT_OBJC_MSGSEND = YES;
				GCC_C_LANGUAGE_STANDARD = gnu11;
				GCC_NO_COMMON_BLOCKS = YES;
				GCC_WARN_64_TO_32_BIT_CONVERSION = YES;
				GCC_WARN_ABOUT_RETURN_TYPE = YES_ERROR;
				GCC_WARN_UNDECLARED_SELECTOR = YES;
				GCC_WARN_UNINITIALIZED_AUTOS = YES_AGGRESSIVE;
				GCC_WARN_UNUSED_FUNCTION = YES;
				GCC_WARN_UNUSED_VARIABLE = YES;
				IPHONEOS_DEPLOYMENT_TARGET = 16.2;
				MTL_ENABLE_DEBUG_INFO = NO;
				MTL_FAST_MATH = YES;
				SDKROOT = iphoneos;
				SWIFT_COMPILATION_MODE = wholemodule;
				SWIFT_OPTIMIZATION_LEVEL = "-O";
				VALIDATE_PRODUCT = YES;
			};
			name = Release;
		};
		433FBE77294E8AF5008455B5 /* Debug */ = {
			isa = XCBuildConfiguration;
			buildSettings = {
				ASSETCATALOG_COMPILER_APPICON_NAME = AppIcon;
				ASSETCATALOG_COMPILER_GLOBAL_ACCENT_COLOR_NAME = AccentColor;
				CODE_SIGN_STYLE = Automatic;
				CURRENT_PROJECT_VERSION = 1;
				DEVELOPMENT_ASSET_PATHS = "\"MyBudget/Preview Content\"";
				DEVELOPMENT_TEAM = 2L9L899V66;
				ENABLE_PREVIEWS = YES;
				GENERATE_INFOPLIST_FILE = YES;
				INFOPLIST_KEY_UIApplicationSceneManifest_Generation = YES;
				INFOPLIST_KEY_UIApplicationSupportsIndirectInputEvents = YES;
				INFOPLIST_KEY_UILaunchScreen_Generation = YES;
				INFOPLIST_KEY_UISupportedInterfaceOrientations_iPad = "UIInterfaceOrientationPortrait UIInterfaceOrientationPortraitUpsideDown UIInterfaceOrientationLandscapeLeft UIInterfaceOrientationLandscapeRight";
				INFOPLIST_KEY_UISupportedInterfaceOrientations_iPhone = "UIInterfaceOrientationPortrait UIInterfaceOrientationLandscapeLeft UIInterfaceOrientationLandscapeRight";
				LD_RUNPATH_SEARCH_PATHS = (
					"$(inherited)",
					"@executable_path/Frameworks",
				);
				MARKETING_VERSION = 1.0;
				PRODUCT_BUNDLE_IDENTIFIER = com.memtarhan.MyBudget;
				PRODUCT_NAME = "$(TARGET_NAME)";
				SWIFT_EMIT_LOC_STRINGS = YES;
				SWIFT_VERSION = 5.0;
				TARGETED_DEVICE_FAMILY = "1,2";
			};
			name = Debug;
		};
		433FBE78294E8AF5008455B5 /* Release */ = {
			isa = XCBuildConfiguration;
			buildSettings = {
				ASSETCATALOG_COMPILER_APPICON_NAME = AppIcon;
				ASSETCATALOG_COMPILER_GLOBAL_ACCENT_COLOR_NAME = AccentColor;
				CODE_SIGN_STYLE = Automatic;
				CURRENT_PROJECT_VERSION = 1;
				DEVELOPMENT_ASSET_PATHS = "\"MyBudget/Preview Content\"";
				DEVELOPMENT_TEAM = 2L9L899V66;
				ENABLE_PREVIEWS = YES;
				GENERATE_INFOPLIST_FILE = YES;
				INFOPLIST_KEY_UIApplicationSceneManifest_Generation = YES;
				INFOPLIST_KEY_UIApplicationSupportsIndirectInputEvents = YES;
				INFOPLIST_KEY_UILaunchScreen_Generation = YES;
				INFOPLIST_KEY_UISupportedInterfaceOrientations_iPad = "UIInterfaceOrientationPortrait UIInterfaceOrientationPortraitUpsideDown UIInterfaceOrientationLandscapeLeft UIInterfaceOrientationLandscapeRight";
				INFOPLIST_KEY_UISupportedInterfaceOrientations_iPhone = "UIInterfaceOrientationPortrait UIInterfaceOrientationLandscapeLeft UIInterfaceOrientationLandscapeRight";
				LD_RUNPATH_SEARCH_PATHS = (
					"$(inherited)",
					"@executable_path/Frameworks",
				);
				MARKETING_VERSION = 1.0;
				PRODUCT_BUNDLE_IDENTIFIER = com.memtarhan.MyBudget;
				PRODUCT_NAME = "$(TARGET_NAME)";
				SWIFT_EMIT_LOC_STRINGS = YES;
				SWIFT_VERSION = 5.0;
				TARGETED_DEVICE_FAMILY = "1,2";
			};
			name = Release;
		};
/* End XCBuildConfiguration section */

/* Begin XCConfigurationList section */
		433FBE63294E8AF4008455B5 /* Build configuration list for PBXProject "MyBudget" */ = {
			isa = XCConfigurationList;
			buildConfigurations = (
				433FBE74294E8AF5008455B5 /* Debug */,
				433FBE75294E8AF5008455B5 /* Release */,
			);
			defaultConfigurationIsVisible = 0;
			defaultConfigurationName = Release;
		};
		433FBE76294E8AF5008455B5 /* Build configuration list for PBXNativeTarget "MyBudget" */ = {
			isa = XCConfigurationList;
			buildConfigurations = (
				433FBE77294E8AF5008455B5 /* Debug */,
				433FBE78294E8AF5008455B5 /* Release */,
			);
			defaultConfigurationIsVisible = 0;
			defaultConfigurationName = Release;
		};
/* End XCConfigurationList section */

/* Begin XCVersionGroup section */
		433FBE79294E8B27008455B5 /* BudgetModel.xcdatamodeld */ = {
			isa = XCVersionGroup;
			children = (
				433FBE7A294E8B27008455B5 /* BudgetModel.xcdatamodel */,
			);
			currentVersion = 433FBE7A294E8B27008455B5 /* BudgetModel.xcdatamodel */;
			path = BudgetModel.xcdatamodeld;
			sourceTree = "<group>";
			versionGroupType = wrapper.xcdatamodel;
		};
/* End XCVersionGroup section */
	};
	rootObject = 433FBE60294E8AF4008455B5 /* Project object */;
}
