// !$*UTF8*$!
{
	archiveVersion = 1;
	classes = {
	};
	objectVersion = 77;
	objects = {

/* Begin PBXContainerItemProxy section */
		DBF7D4842D6680C0004C3BF8 /* PBXContainerItemProxy */ = {
			isa = PBXContainerItemProxy;
			containerPortal = DBF7D46B2D6680BF004C3BF8 /* Project object */;
			proxyType = 1;
			remoteGlobalIDString = DBF7D4722D6680BF004C3BF8;
			remoteInfo = iDine;
		};
		DBF7D48E2D6680C0004C3BF8 /* PBXContainerItemProxy */ = {
			isa = PBXContainerItemProxy;
			containerPortal = DBF7D46B2D6680BF004C3BF8 /* Project object */;
			proxyType = 1;
			remoteGlobalIDString = DBF7D4722D6680BF004C3BF8;
			remoteInfo = iDine;
		};
/* End PBXContainerItemProxy section */

/* Begin PBXFileReference section */
		DBF7D4732D6680BF004C3BF8 /* iDine.app */ = {isa = PBXFileReference; explicitFileType = wrapper.application; includeInIndex = 0; path = iDine.app; sourceTree = BUILT_PRODUCTS_DIR; };
		DBF7D4832D6680C0004C3BF8 /* iDineTests.xctest */ = {isa = PBXFileReference; explicitFileType = wrapper.cfbundle; includeInIndex = 0; path = iDineTests.xctest; sourceTree = BUILT_PRODUCTS_DIR; };
		DBF7D48D2D6680C0004C3BF8 /* iDineUITests.xctest */ = {isa = PBXFileReference; explicitFileType = wrapper.cfbundle; includeInIndex = 0; path = iDineUITests.xctest; sourceTree = BUILT_PRODUCTS_DIR; };
/* End PBXFileReference section */

/* Begin PBXFileSystemSynchronizedRootGroup section */
		DBF7D4752D6680BF004C3BF8 /* iDine */ = {
			isa = PBXFileSystemSynchronizedRootGroup;
			path = iDine;
			sourceTree = "<group>";
		};
		DBF7D4862D6680C0004C3BF8 /* iDineTests */ = {
			isa = PBXFileSystemSynchronizedRootGroup;
			path = iDineTests;
			sourceTree = "<group>";
		};
		DBF7D4902D6680C0004C3BF8 /* iDineUITests */ = {
			isa = PBXFileSystemSynchronizedRootGroup;
			path = iDineUITests;
			sourceTree = "<group>";
		};
/* End PBXFileSystemSynchronizedRootGroup section */

/* Begin PBXFrameworksBuildPhase section */
		DBF7D4702D6680BF004C3BF8 /* Frameworks */ = {
			isa = PBXFrameworksBuildPhase;
			buildActionMask = 2147483647;
			files = (
			);
			runOnlyForDeploymentPostprocessing = 0;
		};
		DBF7D4802D6680C0004C3BF8 /* Frameworks */ = {
			isa = PBXFrameworksBuildPhase;
			buildActionMask = 2147483647;
			files = (
			);
			runOnlyForDeploymentPostprocessing = 0;
		};
		DBF7D48A2D6680C0004C3BF8 /* Frameworks */ = {
			isa = PBXFrameworksBuildPhase;
			buildActionMask = 2147483647;
			files = (
			);
			runOnlyForDeploymentPostprocessing = 0;
		};
/* End PBXFrameworksBuildPhase section */

/* Begin PBXGroup section */
		DBF7D46A2D6680BF004C3BF8 = {
			isa = PBXGroup;
			children = (
				DBF7D4752D6680BF004C3BF8 /* iDine */,
				DBF7D4862D6680C0004C3BF8 /* iDineTests */,
				DBF7D4902D6680C0004C3BF8 /* iDineUITests */,
				DBF7D4742D6680BF004C3BF8 /* Products */,
			);
			sourceTree = "<group>";
		};
		DBF7D4742D6680BF004C3BF8 /* Products */ = {
			isa = PBXGroup;
			children = (
				DBF7D4732D6680BF004C3BF8 /* iDine.app */,
				DBF7D4832D6680C0004C3BF8 /* iDineTests.xctest */,
				DBF7D48D2D6680C0004C3BF8 /* iDineUITests.xctest */,
			);
			name = Products;
			sourceTree = "<group>";
		};
/* End PBXGroup section */

/* Begin PBXNativeTarget section */
		DBF7D4722D6680BF004C3BF8 /* iDine */ = {
			isa = PBXNativeTarget;
			buildConfigurationList = DBF7D4972D6680C0004C3BF8 /* Build configuration list for PBXNativeTarget "iDine" */;
			buildPhases = (
				DBF7D46F2D6680BF004C3BF8 /* Sources */,
				DBF7D4702D6680BF004C3BF8 /* Frameworks */,
				DBF7D4712D6680BF004C3BF8 /* Resources */,
			);
			buildRules = (
			);
			dependencies = (
			);
			fileSystemSynchronizedGroups = (
				DBF7D4752D6680BF004C3BF8 /* iDine */,
			);
			name = iDine;
			packageProductDependencies = (
			);
			productName = iDine;
			productReference = DBF7D4732D6680BF004C3BF8 /* iDine.app */;
			productType = "com.apple.product-type.application";
		};
		DBF7D4822D6680C0004C3BF8 /* iDineTests */ = {
			isa = PBXNativeTarget;
			buildConfigurationList = DBF7D49A2D6680C0004C3BF8 /* Build configuration list for PBXNativeTarget "iDineTests" */;
			buildPhases = (
				DBF7D47F2D6680C0004C3BF8 /* Sources */,
				DBF7D4802D6680C0004C3BF8 /* Frameworks */,
				DBF7D4812D6680C0004C3BF8 /* Resources */,
			);
			buildRules = (
			);
			dependencies = (
				DBF7D4852D6680C0004C3BF8 /* PBXTargetDependency */,
			);
			fileSystemSynchronizedGroups = (
				DBF7D4862D6680C0004C3BF8 /* iDineTests */,
			);
			name = iDineTests;
			packageProductDependencies = (
			);
			productName = iDineTests;
			productReference = DBF7D4832D6680C0004C3BF8 /* iDineTests.xctest */;
			productType = "com.apple.product-type.bundle.unit-test";
		};
		DBF7D48C2D6680C0004C3BF8 /* iDineUITests */ = {
			isa = PBXNativeTarget;
			buildConfigurationList = DBF7D49D2D6680C0004C3BF8 /* Build configuration list for PBXNativeTarget "iDineUITests" */;
			buildPhases = (
				DBF7D4892D6680C0004C3BF8 /* Sources */,
				DBF7D48A2D6680C0004C3BF8 /* Frameworks */,
				DBF7D48B2D6680C0004C3BF8 /* Resources */,
			);
			buildRules = (
			);
			dependencies = (
				DBF7D48F2D6680C0004C3BF8 /* PBXTargetDependency */,
			);
			fileSystemSynchronizedGroups = (
				DBF7D4902D6680C0004C3BF8 /* iDineUITests */,
			);
			name = iDineUITests;
			packageProductDependencies = (
			);
			productName = iDineUITests;
			productReference = DBF7D48D2D6680C0004C3BF8 /* iDineUITests.xctest */;
			productType = "com.apple.product-type.bundle.ui-testing";
		};
/* End PBXNativeTarget section */

/* Begin PBXProject section */
		DBF7D46B2D6680BF004C3BF8 /* Project object */ = {
			isa = PBXProject;
			attributes = {
				BuildIndependentTargetsInParallel = 1;
				LastSwiftUpdateCheck = 1620;
				LastUpgradeCheck = 1620;
				TargetAttributes = {
					DBF7D4722D6680BF004C3BF8 = {
						CreatedOnToolsVersion = 16.2;
					};
					DBF7D4822D6680C0004C3BF8 = {
						CreatedOnToolsVersion = 16.2;
						TestTargetID = DBF7D4722D6680BF004C3BF8;
					};
					DBF7D48C2D6680C0004C3BF8 = {
						CreatedOnToolsVersion = 16.2;
						TestTargetID = DBF7D4722D6680BF004C3BF8;
					};
				};
			};
			buildConfigurationList = DBF7D46E2D6680BF004C3BF8 /* Build configuration list for PBXProject "iDine" */;
			developmentRegion = en;
			hasScannedForEncodings = 0;
			knownRegions = (
				en,
				Base,
			);
			mainGroup = DBF7D46A2D6680BF004C3BF8;
			minimizedProjectReferenceProxies = 1;
			preferredProjectObjectVersion = 77;
			productRefGroup = DBF7D4742D6680BF004C3BF8 /* Products */;
			projectDirPath = "";
			projectRoot = "";
			targets = (
				DBF7D4722D6680BF004C3BF8 /* iDine */,
				DBF7D4822D6680C0004C3BF8 /* iDineTests */,
				DBF7D48C2D6680C0004C3BF8 /* iDineUITests */,
			);
		};
/* End PBXProject section */

/* Begin PBXResourcesBuildPhase section */
		DBF7D4712D6680BF004C3BF8 /* Resources */ = {
			isa = PBXResourcesBuildPhase;
			buildActionMask = 2147483647;
			files = (
			);
			runOnlyForDeploymentPostprocessing = 0;
		};
		DBF7D4812D6680C0004C3BF8 /* Resources */ = {
			isa = PBXResourcesBuildPhase;
			buildActionMask = 2147483647;
			files = (
			);
			runOnlyForDeploymentPostprocessing = 0;
		};
		DBF7D48B2D6680C0004C3BF8 /* Resources */ = {
			isa = PBXResourcesBuildPhase;
			buildActionMask = 2147483647;
			files = (
			);
			runOnlyForDeploymentPostprocessing = 0;
		};
/* End PBXResourcesBuildPhase section */

/* Begin PBXSourcesBuildPhase section */
		DBF7D46F2D6680BF004C3BF8 /* Sources */ = {
			isa = PBXSourcesBuildPhase;
			buildActionMask = 2147483647;
			files = (
			);
			runOnlyForDeploymentPostprocessing = 0;
		};
		DBF7D47F2D6680C0004C3BF8 /* Sources */ = {
			isa = PBXSourcesBuildPhase;
			buildActionMask = 2147483647;
			files = (
			);
			runOnlyForDeploymentPostprocessing = 0;
		};
		DBF7D4892D6680C0004C3BF8 /* Sources */ = {
			isa = PBXSourcesBuildPhase;
			buildActionMask = 2147483647;
			files = (
			);
			runOnlyForDeploymentPostprocessing = 0;
		};
/* End PBXSourcesBuildPhase section */

/* Begin PBXTargetDependency section */
		DBF7D4852D6680C0004C3BF8 /* PBXTargetDependency */ = {
			isa = PBXTargetDependency;
			target = DBF7D4722D6680BF004C3BF8 /* iDine */;
			targetProxy = DBF7D4842D6680C0004C3BF8 /* PBXContainerItemProxy */;
		};
		DBF7D48F2D6680C0004C3BF8 /* PBXTargetDependency */ = {
			isa = PBXTargetDependency;
			target = DBF7D4722D6680BF004C3BF8 /* iDine */;
			targetProxy = DBF7D48E2D6680C0004C3BF8 /* PBXContainerItemProxy */;
		};
/* End PBXTargetDependency section */

/* Begin XCBuildConfiguration section */
		DBF7D4952D6680C0004C3BF8 /* Debug */ = {
			isa = XCBuildConfiguration;
			buildSettings = {
				ALWAYS_SEARCH_USER_PATHS = NO;
				ASSETCATALOG_COMPILER_GENERATE_SWIFT_ASSET_SYMBOL_EXTENSIONS = YES;
				CLANG_ANALYZER_NONNULL = YES;
				CLANG_ANALYZER_NUMBER_OBJECT_CONVERSION = YES_AGGRESSIVE;
				CLANG_CXX_LANGUAGE_STANDARD = "gnu++20";
				CLANG_ENABLE_MODULES = YES;
				CLANG_ENABLE_OBJC_ARC = YES;
				CLANG_ENABLE_OBJC_WEAK = YES;
				CLANG_WARN_BLOCK_CAPTURE_AUTORELEASING = YES;
				CLANG_WARN_BOOL_CONVERSION = YES;
				CLANG_WARN_COMMA = YES;
				CLANG_WARN_CONSTANT_CONVERSION = YES;
				CLANG_WARN_DEPRECATED_OBJC_IMPLEMENTATIONS = YES;
				CLANG_WARN_DIRECT_OBJC_ISA_USAGE = YES_ERROR;
				CLANG_WARN_DOCUMENTATION_COMMENTS = YES;
				CLANG_WARN_EMPTY_BODY = YES;
				CLANG_WARN_ENUM_CONVERSION = YES;
				CLANG_WARN_INFINITE_RECURSION = YES;
				CLANG_WARN_INT_CONVERSION = YES;
				CLANG_WARN_NON_LITERAL_NULL_CONVERSION = YES;
				CLANG_WARN_OBJC_IMPLICIT_RETAIN_SELF = YES;
				CLANG_WARN_OBJC_LITERAL_CONVERSION = YES;
				CLANG_WARN_OBJC_ROOT_CLASS = YES_ERROR;
				CLANG_WARN_QUOTED_INCLUDE_IN_FRAMEWORK_HEADER = YES;
				CLANG_WARN_RANGE_LOOP_ANALYSIS = YES;
				CLANG_WARN_STRICT_PROTOTYPES = YES;
				CLANG_WARN_SUSPICIOUS_MOVE = YES;
				CLANG_WARN_UNGUARDED_AVAILABILITY = YES_AGGRESSIVE;
				CLANG_WARN_UNREACHABLE_CODE = YES;
				CLANG_WARN__DUPLICATE_METHOD_MATCH = YES;
				COPY_PHASE_STRIP = NO;
				DEBUG_INFORMATION_FORMAT = dwarf;
				ENABLE_STRICT_OBJC_MSGSEND = YES;
				ENABLE_TESTABILITY = YES;
				ENABLE_USER_SCRIPT_SANDBOXING = YES;
				GCC_C_LANGUAGE_STANDARD = gnu17;
				GCC_DYNAMIC_NO_PIC = NO;
				GCC_NO_COMMON_BLOCKS = YES;
				GCC_OPTIMIZATION_LEVEL = 0;
				GCC_PREPROCESSOR_DEFINITIONS = (
					"DEBUG=1",
					"$(inherited)",
				);
				GCC_WARN_64_TO_32_BIT_CONVERSION = YES;
				GCC_WARN_ABOUT_RETURN_TYPE = YES_ERROR;
				GCC_WARN_UNDECLARED_SELECTOR = YES;
				GCC_WARN_UNINITIALIZED_AUTOS = YES_AGGRESSIVE;
				GCC_WARN_UNUSED_FUNCTION = YES;
				GCC_WARN_UNUSED_VARIABLE = YES;
				IPHONEOS_DEPLOYMENT_TARGET = 18.2;
				LOCALIZATION_PREFERS_STRING_CATALOGS = YES;
				MTL_ENABLE_DEBUG_INFO = INCLUDE_SOURCE;
				MTL_FAST_MATH = YES;
				ONLY_ACTIVE_ARCH = YES;
				SDKROOT = iphoneos;
				SWIFT_ACTIVE_COMPILATION_CONDITIONS = "DEBUG $(inherited)";
				SWIFT_OPTIMIZATION_LEVEL = "-Onone";
			};
			name = Debug;
		};
		DBF7D4962D6680C0004C3BF8 /* Release */ = {
			isa = XCBuildConfiguration;
			buildSettings = {
				ALWAYS_SEARCH_USER_PATHS = NO;
				ASSETCATALOG_COMPILER_GENERATE_SWIFT_ASSET_SYMBOL_EXTENSIONS = YES;
				CLANG_ANALYZER_NONNULL = YES;
				CLANG_ANALYZER_NUMBER_OBJECT_CONVERSION = YES_AGGRESSIVE;
				CLANG_CXX_LANGUAGE_STANDARD = "gnu++20";
				CLANG_ENABLE_MODULES = YES;
				CLANG_ENABLE_OBJC_ARC = YES;
				CLANG_ENABLE_OBJC_WEAK = YES;
				CLANG_WARN_BLOCK_CAPTURE_AUTORELEASING = YES;
				CLANG_WARN_BOOL_CONVERSION = YES;
				CLANG_WARN_COMMA = YES;
				CLANG_WARN_CONSTANT_CONVERSION = YES;
				CLANG_WARN_DEPRECATED_OBJC_IMPLEMENTATIONS = YES;
				CLANG_WARN_DIRECT_OBJC_ISA_USAGE = YES_ERROR;
				CLANG_WARN_DOCUMENTATION_COMMENTS = YES;
				CLANG_WARN_EMPTY_BODY = YES;
				CLANG_WARN_ENUM_CONVERSION = YES;
				CLANG_WARN_INFINITE_RECURSION = YES;
				CLANG_WARN_INT_CONVERSION = YES;
				CLANG_WARN_NON_LITERAL_NULL_CONVERSION = YES;
				CLANG_WARN_OBJC_IMPLICIT_RETAIN_SELF = YES;
				CLANG_WARN_OBJC_LITERAL_CONVERSION = YES;
				CLANG_WARN_OBJC_ROOT_CLASS = YES_ERROR;
				CLANG_WARN_QUOTED_INCLUDE_IN_FRAMEWORK_HEADER = YES;
				CLANG_WARN_RANGE_LOOP_ANALYSIS = YES;
				CLANG_WARN_STRICT_PROTOTYPES = YES;
				CLANG_WARN_SUSPICIOUS_MOVE = YES;
				CLANG_WARN_UNGUARDED_AVAILABILITY = YES_AGGRESSIVE;
				CLANG_WARN_UNREACHABLE_CODE = YES;
				CLANG_WARN__DUPLICATE_METHOD_MATCH = YES;
				COPY_PHASE_STRIP = NO;
				DEBUG_INFORMATION_FORMAT = "dwarf-with-dsym";
				ENABLE_NS_ASSERTIONS = NO;
				ENABLE_STRICT_OBJC_MSGSEND = YES;
				ENABLE_USER_SCRIPT_SANDBOXING = YES;
				GCC_C_LANGUAGE_STANDARD = gnu17;
				GCC_NO_COMMON_BLOCKS = YES;
				GCC_WARN_64_TO_32_BIT_CONVERSION = YES;
				GCC_WARN_ABOUT_RETURN_TYPE = YES_ERROR;
				GCC_WARN_UNDECLARED_SELECTOR = YES;
				GCC_WARN_UNINITIALIZED_AUTOS = YES_AGGRESSIVE;
				GCC_WARN_UNUSED_FUNCTION = YES;
				GCC_WARN_UNUSED_VARIABLE = YES;
				IPHONEOS_DEPLOYMENT_TARGET = 18.2;
				LOCALIZATION_PREFERS_STRING_CATALOGS = YES;
				MTL_ENABLE_DEBUG_INFO = NO;
				MTL_FAST_MATH = YES;
				SDKROOT = iphoneos;
				SWIFT_COMPILATION_MODE = wholemodule;
				VALIDATE_PRODUCT = YES;
			};
			name = Release;
		};
		DBF7D4982D6680C0004C3BF8 /* Debug */ = {
			isa = XCBuildConfiguration;
			buildSettings = {
				ASSETCATALOG_COMPILER_APPICON_NAME = AppIcon;
				ASSETCATALOG_COMPILER_GLOBAL_ACCENT_COLOR_NAME = AccentColor;
				CODE_SIGN_STYLE = Automatic;
				CURRENT_PROJECT_VERSION = 1;
				DEVELOPMENT_ASSET_PATHS = "\"iDine/Preview Content\"";
				DEVELOPMENT_TEAM = 2L9L899V66;
				ENABLE_PREVIEWS = YES;
				GENERATE_INFOPLIST_FILE = YES;
				INFOPLIST_KEY_UIApplicationSceneManifest_Generation = YES;
				INFOPLIST_KEY_UIApplicationSupportsIndirectInputEvents = YES;
				INFOPLIST_KEY_UILaunchScreen_Generation = YES;
				INFOPLIST_KEY_UISupportedInterfaceOrientations_iPad = "UIInterfaceOrientationPortrait UIInterfaceOrientationPortraitUpsideDown UIInterfaceOrientationLandscapeLeft UIInterfaceOrientationLandscapeRight";
				INFOPLIST_KEY_UISupportedInterfaceOrientations_iPhone = "UIInterfaceOrientationPortrait UIInterfaceOrientationLandscapeLeft UIInterfaceOrientationLandscapeRight";
				LD_RUNPATH_SEARCH_PATHS = (
					"$(inherited)",
					"@executable_path/Frameworks",
				);
				MARKETING_VERSION = 1.0;
				PRODUCT_BUNDLE_IDENTIFIER = com.memtarhan.iDine;
				PRODUCT_NAME = "$(TARGET_NAME)";
				SWIFT_EMIT_LOC_STRINGS = YES;
				SWIFT_VERSION = 5.0;
				TARGETED_DEVICE_FAMILY = "1,2";
			};
			name = Debug;
		};
		DBF7D4992D6680C0004C3BF8 /* Release */ = {
			isa = XCBuildConfiguration;
			buildSettings = {
				ASSETCATALOG_COMPILER_APPICON_NAME = AppIcon;
				ASSETCATALOG_COMPILER_GLOBAL_ACCENT_COLOR_NAME = AccentColor;
				CODE_SIGN_STYLE = Automatic;
				CURRENT_PROJECT_VERSION = 1;
				DEVELOPMENT_ASSET_PATHS = "\"iDine/Preview Content\"";
				DEVELOPMENT_TEAM = 2L9L899V66;
				ENABLE_PREVIEWS = YES;
				GENERATE_INFOPLIST_FILE = YES;
				INFOPLIST_KEY_UIApplicationSceneManifest_Generation = YES;
				INFOPLIST_KEY_UIApplicationSupportsIndirectInputEvents = YES;
				INFOPLIST_KEY_UILaunchScreen_Generation = YES;
				INFOPLIST_KEY_UISupportedInterfaceOrientations_iPad = "UIInterfaceOrientationPortrait UIInterfaceOrientationPortraitUpsideDown UIInterfaceOrientationLandscapeLeft UIInterfaceOrientationLandscapeRight";
				INFOPLIST_KEY_UISupportedInterfaceOrientations_iPhone = "UIInterfaceOrientationPortrait UIInterfaceOrientationLandscapeLeft UIInterfaceOrientationLandscapeRight";
				LD_RUNPATH_SEARCH_PATHS = (
					"$(inherited)",
					"@executable_path/Frameworks",
				);
				MARKETING_VERSION = 1.0;
				PRODUCT_BUNDLE_IDENTIFIER = com.memtarhan.iDine;
				PRODUCT_NAME = "$(TARGET_NAME)";
				SWIFT_EMIT_LOC_STRINGS = YES;
				SWIFT_VERSION = 5.0;
				TARGETED_DEVICE_FAMILY = "1,2";
			};
			name = Release;
		};
		DBF7D49B2D6680C0004C3BF8 /* Debug */ = {
			isa = XCBuildConfiguration;
			buildSettings = {
				BUNDLE_LOADER = "$(TEST_HOST)";
				CODE_SIGN_STYLE = Automatic;
				CURRENT_PROJECT_VERSION = 1;
				DEVELOPMENT_TEAM = 2L9L899V66;
				GENERATE_INFOPLIST_FILE = YES;
				IPHONEOS_DEPLOYMENT_TARGET = 18.2;
				MARKETING_VERSION = 1.0;
				PRODUCT_BUNDLE_IDENTIFIER = com.memtarhan.iDineTests;
				PRODUCT_NAME = "$(TARGET_NAME)";
				SWIFT_EMIT_LOC_STRINGS = NO;
				SWIFT_VERSION = 5.0;
				TARGETED_DEVICE_FAMILY = "1,2";
				TEST_HOST = "$(BUILT_PRODUCTS_DIR)/iDine.app/$(BUNDLE_EXECUTABLE_FOLDER_PATH)/iDine";
			};
			name = Debug;
		};
		DBF7D49C2D6680C0004C3BF8 /* Release */ = {
			isa = XCBuildConfiguration;
			buildSettings = {
				BUNDLE_LOADER = "$(TEST_HOST)";
				CODE_SIGN_STYLE = Automatic;
				CURRENT_PROJECT_VERSION = 1;
				DEVELOPMENT_TEAM = 2L9L899V66;
				GENERATE_INFOPLIST_FILE = YES;
				IPHONEOS_DEPLOYMENT_TARGET = 18.2;
				MARKETING_VERSION = 1.0;
				PRODUCT_BUNDLE_IDENTIFIER = com.memtarhan.iDineTests;
				PRODUCT_NAME = "$(TARGET_NAME)";
				SWIFT_EMIT_LOC_STRINGS = NO;
				SWIFT_VERSION = 5.0;
				TARGETED_DEVICE_FAMILY = "1,2";
				TEST_HOST = "$(BUILT_PRODUCTS_DIR)/iDine.app/$(BUNDLE_EXECUTABLE_FOLDER_PATH)/iDine";
			};
			name = Release;
		};
		DBF7D49E2D6680C0004C3BF8 /* Debug */ = {
			isa = XCBuildConfiguration;
			buildSettings = {
				CODE_SIGN_STYLE = Automatic;
				CURRENT_PROJECT_VERSION = 1;
				DEVELOPMENT_TEAM = 2L9L899V66;
				GENERATE_INFOPLIST_FILE = YES;
				MARKETING_VERSION = 1.0;
				PRODUCT_BUNDLE_IDENTIFIER = com.memtarhan.iDineUITests;
				PRODUCT_NAME = "$(TARGET_NAME)";
				SWIFT_EMIT_LOC_STRINGS = NO;
				SWIFT_VERSION = 5.0;
				TARGETED_DEVICE_FAMILY = "1,2";
				TEST_TARGET_NAME = iDine;
			};
			name = Debug;
		};
		DBF7D49F2D6680C0004C3BF8 /* Release */ = {
			isa = XCBuildConfiguration;
			buildSettings = {
				CODE_SIGN_STYLE = Automatic;
				CURRENT_PROJECT_VERSION = 1;
				DEVELOPMENT_TEAM = 2L9L899V66;
				GENERATE_INFOPLIST_FILE = YES;
				MARKETING_VERSION = 1.0;
				PRODUCT_BUNDLE_IDENTIFIER = com.memtarhan.iDineUITests;
				PRODUCT_NAME = "$(TARGET_NAME)";
				SWIFT_EMIT_LOC_STRINGS = NO;
				SWIFT_VERSION = 5.0;
				TARGETED_DEVICE_FAMILY = "1,2";
				TEST_TARGET_NAME = iDine;
			};
			name = Release;
		};
/* End XCBuildConfiguration section */

/* Begin XCConfigurationList section */
		DBF7D46E2D6680BF004C3BF8 /* Build configuration list for PBXProject "iDine" */ = {
			isa = XCConfigurationList;
			buildConfigurations = (
				DBF7D4952D6680C0004C3BF8 /* Debug */,
				DBF7D4962D6680C0004C3BF8 /* Release */,
			);
			defaultConfigurationIsVisible = 0;
			defaultConfigurationName = Release;
		};
		DBF7D4972D6680C0004C3BF8 /* Build configuration list for PBXNativeTarget "iDine" */ = {
			isa = XCConfigurationList;
			buildConfigurations = (
				DBF7D4982D6680C0004C3BF8 /* Debug */,
				DBF7D4992D6680C0004C3BF8 /* Release */,
			);
			defaultConfigurationIsVisible = 0;
			defaultConfigurationName = Release;
		};
		DBF7D49A2D6680C0004C3BF8 /* Build configuration list for PBXNativeTarget "iDineTests" */ = {
			isa = XCConfigurationList;
			buildConfigurations = (
				DBF7D49B2D6680C0004C3BF8 /* Debug */,
				DBF7D49C2D6680C0004C3BF8 /* Release */,
			);
			defaultConfigurationIsVisible = 0;
			defaultConfigurationName = Release;
		};
		DBF7D49D2D6680C0004C3BF8 /* Build configuration list for PBXNativeTarget "iDineUITests" */ = {
			isa = XCConfigurationList;
			buildConfigurations = (
				DBF7D49E2D6680C0004C3BF8 /* Debug */,
				DBF7D49F2D6680C0004C3BF8 /* Release */,
			);
			defaultConfigurationIsVisible = 0;
			defaultConfigurationName = Release;
		};
/* End XCConfigurationList section */
	};
	rootObject = DBF7D46B2D6680BF004C3BF8 /* Project object */;
}
